<Solution>
  <Project Path="Assembly-CSharp.csproj" />
  <Project Path="SplineMesh.Runtime.csproj" />
  <Project Path="Assembly-CSharp-Editor.csproj" />
  <Project Path="MLMExtensions.csproj" />
  <Project Path="SplineMesh.Colliders.csproj" />
  <Project Path="SplineMesh.Editor.csproj" />
  <Project Path="Bekkoloco.QuickTile.MCP.Editor.csproj" />
  <Project Path="Bekkoloco.QuickTile.Installer.Editor.csproj" />
</Solution>
